// !$*UTF8*$!
{
	archiveVersion = 1;
	classes = {
	};
	objectVersion = 46;
	objects = {

/* Begin PBXBuildFile section */
		77EF84B31BE16AC900BC2192 /* AppDelegate.swift in Sources */ = {isa = PBXBuildFile; fileRef = 77EF84B21BE16AC900BC2192 /* AppDelegate.swift */; };
		77EF84B51BE16AC900BC2192 /* ViewController.swift in Sources */ = {isa = PBXBuildFile; fileRef = 77EF84B41BE16AC900BC2192 /* ViewController.swift */; };
		77EF84B81BE16AC900BC2192 /* Main.storyboard in Resources */ = {isa = PBXBuildFile; fileRef = 77EF84B61BE16AC900BC2192 /* Main.storyboard */; };
		77EF84BA1BE16AC900BC2192 /* Assets.xcassets in Resources */ = {isa = PBXBuildFile; fileRef = 77EF84B91BE16AC900BC2192 /* Assets.xcassets */; };
		77EF84BD1BE16AC900BC2192 /* LaunchScreen.storyboard in Resources */ = {isa = PBXBuildFile; fileRef = 77EF84BB1BE16AC900BC2192 /* LaunchScreen.storyboard */; };
		77EF84C81BE16AC900BC2192 /* HelloSwiftTests.swift in Sources */ = {isa = PBXBuildFile; fileRef = 77EF84C71BE16AC900BC2192 /* HelloSwiftTests.swift */; };
/* End PBXBuildFile section */

/* Begin PBXContainerItemProxy section */
		77EF84C41BE16AC900BC2192 /* PBXContainerItemProxy */ = {
			isa = PBXContainerItemProxy;
			containerPortal = 77EF84A71BE16AC900BC2192 /* Project object */;
			proxyType = 1;
			remoteGlobalIDString = 77EF84AE1BE16AC900BC2192;
			remoteInfo = HelloSwift;
		};
/* End PBXContainerItemProxy section */

/* Begin PBXFileReference section */
		77EF84AF1BE16AC900BC2192 /* HelloSwift.app */ = {isa = PBXFileReference; explicitFileType = wrapper.application; includeInIndex = 0; path = HelloSwift.app; sourceTree = BUILT_PRODUCTS_DIR; };
		77EF84B21BE16AC900BC2192 /* AppDelegate.swift */ = {isa = PBXFileReference; lastKnownFileType = sourcecode.swift; path = AppDelegate.swift; sourceTree = "<group>"; };
		77EF84B41BE16AC900BC2192 /* ViewController.swift */ = {isa = PBXFileReference; lastKnownFileType = sourcecode.swift; path = ViewController.swift; sourceTree = "<group>"; };
		77EF84B71BE16AC900BC2192 /* Base */ = {isa = PBXFileReference; lastKnownFileType = file.storyboard; name = Base; path = Base.lproj/Main.storyboard; sourceTree = "<group>"; };
		77EF84B91BE16AC900BC2192 /* Assets.xcassets */ = {isa = PBXFileReference; lastKnownFileType = folder.assetcatalog; path = Assets.xcassets; sourceTree = "<group>"; };
		77EF84BC1BE16AC900BC2192 /* Base */ = {isa = PBXFileReference; lastKnownFileType = file.storyboard; name = Base; path = Base.lproj/LaunchScreen.storyboard; sourceTree = "<group>"; };
		77EF84BE1BE16AC900BC2192 /* Info.plist */ = {isa = PBXFileReference; lastKnownFileType = text.plist.xml; path = Info.plist; sourceTree = "<group>"; };
		77EF84C31BE16AC900BC2192 /* HelloSwiftTests.xctest */ = {isa = PBXFileReference; explicitFileType = wrapper.cfbundle; includeInIndex = 0; path = HelloSwiftTests.xctest; sourceTree = BUILT_PRODUCTS_DIR; };
		77EF84C71BE16AC900BC2192 /* HelloSwiftTests.swift */ = {isa = PBXFileReference; lastKnownFileType = sourcecode.swift; path = HelloSwiftTests.swift; sourceTree = "<group>"; };
		77EF84C91BE16AC900BC2192 /* Info.plist */ = {isa = PBXFileReference; lastKnownFileType = text.plist.xml; path = Info.plist; sourceTree = "<group>"; };
/* End PBXFileReference section */

/* Begin PBXFrameworksBuildPhase section */
		77EF84AC1BE16AC900BC2192 /* Frameworks */ = {
			isa = PBXFrameworksBuildPhase;
			buildActionMask = 2147483647;
			files = (
			);
			runOnlyForDeploymentPostprocessing = 0;
		};
		77EF84C01BE16AC900BC2192 /* Frameworks */ = {
			isa = PBXFrameworksBuildPhase;
			buildActionMask = 2147483647;
			files = (
			);
			runOnlyForDeploymentPostprocessing = 0;
		};
/* End PBXFrameworksBuildPhase section */

/* Begin PBXGroup section */
		77EF84A61BE16AC900BC2192 = {
			isa = PBXGroup;
			children = (
				77EF84B11BE16AC900BC2192 /* HelloSwift */,
				77EF84C61BE16AC900BC2192 /* HelloSwiftTests */,
				77EF84B01BE16AC900BC2192 /* Products */,
			);
			sourceTree = "<group>";
		};
		77EF84B01BE16AC900BC2192 /* Products */ = {
			isa = PBXGroup;
			children = (
				77EF84AF1BE16AC900BC2192 /* HelloSwift.app */,
				77EF84C31BE16AC900BC2192 /* HelloSwiftTests.xctest */,
			);
			name = Products;
			sourceTree = "<group>";
		};
		77EF84B11BE16AC900BC2192 /* HelloSwift */ = {
			isa = PBXGroup;
			children = (
				77EF84B21BE16AC900BC2192 /* AppDelegate.swift */,
				77EF84B41BE16AC900BC2192 /* ViewController.swift */,
				77EF84B61BE16AC900BC2192 /* Main.storyboard */,
				77EF84B91BE16AC900BC2192 /* Assets.xcassets */,
				77EF84BB1BE16AC900BC2192 /* LaunchScreen.storyboard */,
				77EF84BE1BE16AC900BC2192 /* Info.plist */,
			);
			path = HelloSwift;
			sourceTree = "<group>";
		};
		77EF84C61BE16AC900BC2192 /* HelloSwiftTests */ = {
			isa = PBXGroup;
			children = (
				77EF84C71BE16AC900BC2192 /* HelloSwiftTests.swift */,
				77EF84C91BE16AC900BC2192 /* Info.plist */,
			);
			path = HelloSwiftTests;
			sourceTree = "<group>";
		};
/* End PBXGroup section */

/* Begin PBXNativeTarget section */
		77EF84AE1BE16AC900BC2192 /* HelloSwift */ = {
			isa = PBXNativeTarget;
			buildConfigurationList = 77EF84CC1BE16AC900BC2192 /* Build configuration list for PBXNativeTarget "HelloSwift" */;
			buildPhases = (
				77EF84AB1BE16AC900BC2192 /* Sources */,
				77EF84AC1BE16AC900BC2192 /* Frameworks */,
				77EF84AD1BE16AC900BC2192 /* Resources */,
			);
			buildRules = (
			);
			dependencies = (
			);
			name = HelloSwift;
			productName = HelloSwift;
			productReference = 77EF84AF1BE16AC900BC2192 /* HelloSwift.app */;
			productType = "com.apple.product-type.application";
		};
		77EF84C21BE16AC900BC2192 /* HelloSwiftTests */ = {
			isa = PBXNativeTarget;
			buildConfigurationList = 77EF84CF1BE16AC900BC2192 /* Build configuration list for PBXNativeTarget "HelloSwiftTests" */;
			buildPhases = (
				77EF84BF1BE16AC900BC2192 /* Sources */,
				77EF84C01BE16AC900BC2192 /* Frameworks */,
				77EF84C11BE16AC900BC2192 /* Resources */,
			);
			buildRules = (
			);
			dependencies = (
				77EF84C51BE16AC900BC2192 /* PBXTargetDependency */,
			);
			name = HelloSwiftTests;
			productName = HelloSwiftTests;
			productReference = 77EF84C31BE16AC900BC2192 /* HelloSwiftTests.xctest */;
			productType = "com.apple.product-type.bundle.unit-test";
		};
/* End PBXNativeTarget section */

/* Begin PBXProject section */
		77EF84A71BE16AC900BC2192 /* Project object */ = {
			isa = PBXProject;
			attributes = {
				LastUpgradeCheck = 0700;
				ORGANIZATIONNAME = "Ramis Wachtler";
				TargetAttributes = {
					77EF84AE1BE16AC900BC2192 = {
						CreatedOnToolsVersion = 7.0;
					};
					77EF84C21BE16AC900BC2192 = {
						CreatedOnToolsVersion = 7.0;
						TestTargetID = 77EF84AE1BE16AC900BC2192;
					};
				};
			};
			buildConfigurationList = 77EF84AA1BE16AC900BC2192 /* Build configuration list for PBXProject "HelloSwift" */;
			compatibilityVersion = "Xcode 3.2";
			developmentRegion = English;
			hasScannedForEncodings = 0;
			knownRegions = (
				en,
				Base,
			);
			mainGroup = 77EF84A61BE16AC900BC2192;
			productRefGroup = 77EF84B01BE16AC900BC2192 /* Products */;
			projectDirPath = "";
			projectRoot = "";
			targets = (
				77EF84AE1BE16AC900BC2192 /* HelloSwift */,
				77EF84C21BE16AC900BC2192 /* HelloSwiftTests */,
			);
		};
/* End PBXProject section */

/* Begin PBXResourcesBuildPhase section */
		77EF84AD1BE16AC900BC2192 /* Resources */ = {
			isa = PBXResourcesBuildPhase;
			buildActionMask = 2147483647;
			files = (
				77EF84BD1BE16AC900BC2192 /* LaunchScreen.storyboard in Resources */,
				77EF84BA1BE16AC900BC2192 /* Assets.xcassets in Resources */,
				77EF84B81BE16AC900BC2192 /* Main.storyboard in Resources */,
			);
			runOnlyForDeploymentPostprocessing = 0;
		};
		77EF84C11BE16AC900BC2192 /* Resources */ = {
			isa = PBXResourcesBuildPhase;
			buildActionMask = 2147483647;
			files = (
			);
			runOnlyForDeploymentPostprocessing = 0;
		};
/* End PBXResourcesBuildPhase section */

/* Begin PBXSourcesBuildPhase section */
		77EF84AB1BE16AC900BC2192 /* Sources */ = {
			isa = PBXSourcesBuildPhase;
			buildActionMask = 2147483647;
			files = (
				77EF84B51BE16AC900BC2192 /* ViewController.swift in Sources */,
				77EF84B31BE16AC900BC2192 /* AppDelegate.swift in Sources */,
			);
			runOnlyForDeploymentPostprocessing = 0;
		};
		77EF84BF1BE16AC900BC2192 /* Sources */ = {
			isa = PBXSourcesBuildPhase;
			buildActionMask = 2147483647;
			files = (
				77EF84C81BE16AC900BC2192 /* HelloSwiftTests.swift in Sources */,
			);
			runOnlyForDeploymentPostprocessing = 0;
		};
/* End PBXSourcesBuildPhase section */

/* Begin PBXTargetDependency section */
		77EF84C51BE16AC900BC2192 /* PBXTargetDependency */ = {
			isa = PBXTargetDependency;
			target = 77EF84AE1BE16AC900BC2192 /* HelloSwift */;
			targetProxy = 77EF84C41BE16AC900BC2192 /* PBXContainerItemProxy */;
		};
/* End PBXTargetDependency section */

/* Begin PBXVariantGroup section */
		77EF84B61BE16AC900BC2192 /* Main.storyboard */ = {
			isa = PBXVariantGroup;
			children = (
				77EF84B71BE16AC900BC2192 /* Base */,
			);
			name = Main.storyboard;
			sourceTree = "<group>";
		};
		77EF84BB1BE16AC900BC2192 /* LaunchScreen.storyboard */ = {
			isa = PBXVariantGroup;
			children = (
				77EF84BC1BE16AC900BC2192 /* Base */,
			);
			name = LaunchScreen.storyboard;
			sourceTree = "<group>";
		};
/* End PBXVariantGroup section */

/* Begin XCBuildConfiguration section */
		77EF84CA1BE16AC900BC2192 /* Debug */ = {
			isa = XCBuildConfiguration;
			buildSettings = {
				ALWAYS_SEARCH_USER_PATHS = NO;
				CLANG_CXX_LANGUAGE_STANDARD = "gnu++0x";
				CLANG_CXX_LIBRARY = "libc++";
				CLANG_ENABLE_MODULES = YES;
				CLANG_ENABLE_OBJC_ARC = YES;
				CLANG_WARN_BOOL_CONVERSION = YES;
				CLANG_WARN_CONSTANT_CONVERSION = YES;
				CLANG_WARN_DIRECT_OBJC_ISA_USAGE = YES_ERROR;
				CLANG_WARN_EMPTY_BODY = YES;
				CLANG_WARN_ENUM_CONVERSION = YES;
				CLANG_WARN_INT_CONVERSION = YES;
				CLANG_WARN_OBJC_ROOT_CLASS = YES_ERROR;
				CLANG_WARN_UNREACHABLE_CODE = YES;
				CLANG_WARN__DUPLICATE_METHOD_MATCH = YES;
				"CODE_SIGN_IDENTITY[sdk=iphoneos*]" = "iPhone Developer";
				COPY_PHASE_STRIP = NO;
				DEBUG_INFORMATION_FORMAT = dwarf;
				ENABLE_STRICT_OBJC_MSGSEND = YES;
				ENABLE_TESTABILITY = YES;
				GCC_C_LANGUAGE_STANDARD = gnu99;
				GCC_DYNAMIC_NO_PIC = NO;
				GCC_NO_COMMON_BLOCKS = YES;
				GCC_OPTIMIZATION_LEVEL = 0;
				GCC_PREPROCESSOR_DEFINITIONS = (
					"DEBUG=1",
					"$(inherited)",
				);
				GCC_WARN_64_TO_32_BIT_CONVERSION = YES;
				GCC_WARN_ABOUT_RETURN_TYPE = YES_ERROR;
				GCC_WARN_UNDECLARED_SELECTOR = YES;
				GCC_WARN_UNINITIALIZED_AUTOS = YES_AGGRESSIVE;
				GCC_WARN_UNUSED_FUNCTION = YES;
				GCC_WARN_UNUSED_VARIABLE = YES;
				IPHONEOS_DEPLOYMENT_TARGET = 9.0;
				MTL_ENABLE_DEBUG_INFO = YES;
				ONLY_ACTIVE_ARCH = YES;
				SDKROOT = iphoneos;
				SWIFT_OPTIMIZATION_LEVEL = "-Onone";
			};
			name = Debug;
		};
		77EF84CB1BE16AC900BC2192 /* Release */ = {
			isa = XCBuildConfiguration;
			buildSettings = {
				ALWAYS_SEARCH_USER_PATHS = NO;
				CLANG_CXX_LANGUAGE_STANDARD = "gnu++0x";
				CLANG_CXX_LIBRARY = "libc++";
				CLANG_ENABLE_MODULES = YES;
				CLANG_ENABLE_OBJC_ARC = YES;
				CLANG_WARN_BOOL_CONVERSION = YES;
				CLANG_WARN_CONSTANT_CONVERSION = YES;
				CLANG_WARN_DIRECT_OBJC_ISA_USAGE = YES_ERROR;
				CLANG_WARN_EMPTY_BODY = YES;
				CLANG_WARN_ENUM_CONVERSION = YES;
				CLANG_WARN_INT_CONVERSION = YES;
				CLANG_WARN_OBJC_ROOT_CLASS = YES_ERROR;
				CLANG_WARN_UNREACHABLE_CODE = YES;
				CLANG_WARN__DUPLICATE_METHOD_MATCH = YES;
				"CODE_SIGN_IDENTITY[sdk=iphoneos*]" = "iPhone Developer";
				COPY_PHASE_STRIP = NO;
				DEBUG_INFORMATION_FORMAT = "dwarf-with-dsym";
				ENABLE_NS_ASSERTIONS = NO;
				ENABLE_STRICT_OBJC_MSGSEND = YES;
				GCC_C_LANGUAGE_STANDARD = gnu99;
				GCC_NO_COMMON_BLOCKS = YES;
				GCC_WARN_64_TO_32_BIT_CONVERSION = YES;
				GCC_WARN_ABOUT_RETURN_TYPE = YES_ERROR;
				GCC_WARN_UNDECLARED_SELECTOR = YES;
				GCC_WARN_UNINITIALIZED_AUTOS = YES_AGGRESSIVE;
				GCC_WARN_UNUSED_FUNCTION = YES;
				GCC_WARN_UNUSED_VARIABLE = YES;
				IPHONEOS_DEPLOYMENT_TARGET = 9.0;
				MTL_ENABLE_DEBUG_INFO = NO;
				SDKROOT = iphoneos;
				VALIDATE_PRODUCT = YES;
			};
			name = Release;
		};
		77EF84CD1BE16AC900BC2192 /* Debug */ = {
			isa = XCBuildConfiguration;
			buildSettings = {
				ASSETCATALOG_COMPILER_APPICON_NAME = AppIcon;
				INFOPLIST_FILE = HelloSwift/Info.plist;
				LD_RUNPATH_SEARCH_PATHS = "$(inherited) @executable_path/Frameworks";
				PRODUCT_BUNDLE_IDENTIFIER = com.wachtler.ramis.HelloSwift;
				PRODUCT_NAME = "$(TARGET_NAME)";
			};
			name = Debug;
		};
		77EF84CE1BE16AC900BC2192 /* Release */ = {
			isa = XCBuildConfiguration;
			buildSettings = {
				ASSETCATALOG_COMPILER_APPICON_NAME = AppIcon;
				INFOPLIST_FILE = HelloSwift/Info.plist;
				LD_RUNPATH_SEARCH_PATHS = "$(inherited) @executable_path/Frameworks";
				PRODUCT_BUNDLE_IDENTIFIER = com.wachtler.ramis.HelloSwift;
				PRODUCT_NAME = "$(TARGET_NAME)";
			};
			name = Release;
		};
		77EF84D01BE16AC900BC2192 /* Debug */ = {
			isa = XCBuildConfiguration;
			buildSettings = {
				BUNDLE_LOADER = "$(TEST_HOST)";
				INFOPLIST_FILE = HelloSwiftTests/Info.plist;
				LD_RUNPATH_SEARCH_PATHS = "$(inherited) @executable_path/Frameworks @loader_path/Frameworks";
				PRODUCT_BUNDLE_IDENTIFIER = com.wachtler.ramis.HelloSwiftTests;
				PRODUCT_NAME = "$(TARGET_NAME)";
				TEST_HOST = "$(BUILT_PRODUCTS_DIR)/HelloSwift.app/HelloSwift";
			};
			name = Debug;
		};
		77EF84D11BE16AC900BC2192 /* Release */ = {
			isa = XCBuildConfiguration;
			buildSettings = {
				BUNDLE_LOADER = "$(TEST_HOST)";
				INFOPLIST_FILE = HelloSwiftTests/Info.plist;
				LD_RUNPATH_SEARCH_PATHS = "$(inherited) @executable_path/Frameworks @loader_path/Frameworks";
				PRODUCT_BUNDLE_IDENTIFIER = com.wachtler.ramis.HelloSwiftTests;
				PRODUCT_NAME = "$(TARGET_NAME)";
				TEST_HOST = "$(BUILT_PRODUCTS_DIR)/HelloSwift.app/HelloSwift";
			};
			name = Release;
		};
/* End XCBuildConfiguration section */

/* Begin XCConfigurationList section */
		77EF84AA1BE16AC900BC2192 /* Build configuration list for PBXProject "HelloSwift" */ = {
			isa = XCConfigurationList;
			buildConfigurations = (
				77EF84CA1BE16AC900BC2192 /* Debug */,
				77EF84CB1BE16AC900BC2192 /* Release */,
			);
			defaultConfigurationIsVisible = 0;
			defaultConfigurationName = Release;
		};
		77EF84CC1BE16AC900BC2192 /* Build configuration list for PBXNativeTarget "HelloSwift" */ = {
			isa = XCConfigurationList;
			buildConfigurations = (
				77EF84CD1BE16AC900BC2192 /* Debug */,
				77EF84CE1BE16AC900BC2192 /* Release */,
			);
			defaultConfigurationIsVisible = 0;
		};
		77EF84CF1BE16AC900BC2192 /* Build configuration list for PBXNativeTarget "HelloSwiftTests" */ = {
			isa = XCConfigurationList;
			buildConfigurations = (
				77EF84D01BE16AC900BC2192 /* Debug */,
				77EF84D11BE16AC900BC2192 /* Release */,
			);
			defaultConfigurationIsVisible = 0;
		};
/* End XCConfigurationList section */
	};
	rootObject = 77EF84A71BE16AC900BC2192 /* Project object */;
}
